{
  "name": "crc_profile",
  "version": "1.0.0",
  "lockfileVersion": 2,
  "requires": true,
  "packages": {
    "": {
      "version": "1.0.0",
      "license": "Apache-2.0",
      "dependencies": {
        "aws-crt": "file:../../.."
      }
    },
    "../../..": {
      "version": "1.0.0-dev",
      "hasInstallScript": true,
      "license": "Apache-2.0",
      "dependencies": {
        "astral-regex": "^2.0.0",
        "axios": "^0.21.1",
        "cmake-js": "^6.1.0",
        "crypto-js": "^3.3.0",
        "fastestsmallesttextencoderdecoder": "^1.0.22",
        "glob-parent": "^5.1.2",
        "lodash.memoize": "^4.1.2",
        "lolex": "^6.0.0",
        "mqtt": "^4.2.6",
        "realpath-native": "^3.0.0",
        "websocket-stream": "^5.5.2"
      },
      "devDependencies": {
        "@convergencelabs/typedoc-plugin-custom-modules": "^0.4.0",
        "@types/crypto-js": "^3.1.43",
        "@types/jest": "^26.0.20",
        "@types/node": "^10.17.54",
        "@types/puppeteer": "^5.4.3",
        "@types/uuid": "^3.4.8",
        "@types/ws": "^6.0.4",
        "aws-sdk": "^2.848.0",
        "jest": "^26.6.3",
        "jest-puppeteer": "^4.4.0",
        "jest-runtime": "^26.6.3",
        "puppeteer": "^3.3.0",
        "ts-jest": "^26.5.1",
        "typedoc": "^0.17.8",
        "typescript": "^3.9.9",
        "uuid": "^3.4.0",
        "yargs": "^13.3.2"
      }
    },
    "node_modules/aws-crt": {
      "resolved": "../../..",
      "link": true
    }
  },
  "dependencies": {
    "aws-crt": {
      "version": "file:../../..",
      "requires": {
        "@convergencelabs/typedoc-plugin-custom-modules": "^0.4.0",
        "@types/crypto-js": "^3.1.43",
        "@types/jest": "^26.0.20",
        "@types/node": "^10.17.54",
        "@types/puppeteer": "^5.4.3",
        "@types/uuid": "^3.4.8",
        "@types/ws": "^6.0.4",
        "astral-regex": "^2.0.0",
        "aws-sdk": "^2.848.0",
        "axios": "^0.21.1",
        "cmake-js": "^6.1.0",
        "crypto-js": "^3.3.0",
        "fastestsmallesttextencoderdecoder": "^1.0.22",
        "glob-parent": "^5.1.2",
        "jest": "^26.6.3",
        "jest-puppeteer": "^4.4.0",
        "jest-runtime": "^26.6.3",
        "lodash.memoize": "^4.1.2",
        "lolex": "^6.0.0",
        "mqtt": "^4.2.6",
        "puppeteer": "^3.3.0",
        "realpath-native": "^3.0.0",
        "ts-jest": "^26.5.1",
        "typedoc": "^0.17.8",
        "typescript": "^3.9.9",
        "uuid": "^3.4.0",
        "websocket-stream": "^5.5.2",
        "yargs": "^13.3.2"
      }
    }
  }
}
